{
  "name": "simple_nodejs_server",
  "version": "1.0.4",
  "lockfileVersion": 1,
  "requires": true,
  "dependencies": {
    "winston": {
      "version": "2.4.0",
      "resolved": "https://registry.npmjs.org/winston/-/winston-2.4.0.tgz",
      "integrity": "sha1-gIBQuT1SZh7Z+2wms/DIJnCLCu4=",
      "requires": {
        "async": "1.0.0",
        "colors": "1.0.3",
        "cycle": "1.0.3",
        "eyes": "0.1.8",
        "isstream": "0.1.2",
        "stack-trace": "0.0.10"
      },
      "dependencies": {
        "async": {
          "version": "1.0.0",
          "bundled": true
        },
        "colors": {
          "version": "1.0.3",
          "bundled": true
        },
        "cycle": {
          "version": "1.0.3",
          "bundled": true
        },
        "eyes": {
          "version": "0.1.8",
          "bundled": true
        },
        "isstream": {
          "version": "0.1.2",
          "bundled": true
        },
        "stack-trace": {
          "version": "0.0.10",
          "bundled": true
        }
      }
    }
  }
}

